
Microsoft Visual Studio Solution File, Format Version 12.00
# Visual Studio Version 16
VisualStudioVersion = 16.0.30204.135
MinimumVisualStudioVersion = 10.0.40219.1
Project("{9A19103F-16F7-4668-BE54-9A1E7A4F7556}") = "Test", "Test\Test.csproj", "{4E8879E6-FBF4-4731-BBFD-BE4A31A6353D}"
EndProject
Project("{FAE04EC0-301F-11D3-BF4B-00C04F79EFBC}") = "Test.Tests", "Test.Tests\Test.Tests.csproj", "{6BE39156-500F-42F6-B673-8AE94A796047}"
EndProject
Global
	GlobalSection(SolutionConfigurationPlatforms) = preSolution
		Debug|Any CPU = Debug|Any CPU
		Release|Any CPU = Release|Any CPU
	EndGlobalSection
	GlobalSection(ProjectConfigurationPlatforms) = postSolution
		{4E8879E6-FBF4-4731-BBFD-BE4A31A6353D}.Debug|Any CPU.ActiveCfg = Debug|Any CPU
		{4E8879E6-FBF4-4731-BBFD-BE4A31A6353D}.Debug|Any CPU.Build.0 = Debug|Any CPU
		{4E8879E6-FBF4-4731-BBFD-BE4A31A6353D}.Release|Any CPU.ActiveCfg = Release|Any CPU
		{4E8879E6-FBF4-4731-BBFD-BE4A31A6353D}.Release|Any CPU.Build.0 = Release|Any CPU
		{6BE39156-500F-42F6-B673-8AE94A796047}.Debug|Any CPU.ActiveCfg = Debug|Any CPU
		{6BE39156-500F-42F6-B673-8AE94A796047}.Debug|Any CPU.Build.0 = Debug|Any CPU
		{6BE39156-500F-42F6-B673-8AE94A796047}.Release|Any CPU.ActiveCfg = Release|Any CPU
		{6BE39156-500F-42F6-B673-8AE94A796047}.Release|Any CPU.Build.0 = Release|Any CPU
	EndGlobalSection
	GlobalSection(SolutionProperties) = preSolution
		HideSolutionNode = FALSE
	EndGlobalSection
	GlobalSection(ExtensibilityGlobals) = postSolution
		SolutionGuid = {5437BF90-B83D-4136-8C85-CAC452F8FABB}
	EndGlobalSection
EndGlobal
